
Microsoft Visual Studio Solution File, Format Version 12.00
# Visual Studio Version 16
VisualStudioVersion = 16.0.31025.194
MinimumVisualStudioVersion = 10.0.40219.1
Project("{8BC9CEB8-8B4A-11D0-8D11-00A0C91BC942}") = "ComputerWork", "ComputerWork\ComputerWork.vcxproj", "{CCF9F648-0C1C-488B-B58F-398A4D1482D7}"
EndProject
Global
	GlobalSection(SolutionConfigurationPlatforms) = preSolution
		Debug|x64 = Debug|x64
		Debug|x86 = Debug|x86
		Release|x64 = Release|x64
		Release|x86 = Release|x86
	EndGlobalSection
	GlobalSection(ProjectConfigurationPlatforms) = postSolution
		{CCF9F648-0C1C-488B-B58F-398A4D1482D7}.Debug|x64.ActiveCfg = Debug|x64
		{CCF9F648-0C1C-488B-B58F-398A4D1482D7}.Debug|x64.Build.0 = Debug|x64
		{CCF9F648-0C1C-488B-B58F-398A4D1482D7}.Debug|x86.ActiveCfg = Debug|Win32
		{CCF9F648-0C1C-488B-B58F-398A4D1482D7}.Debug|x86.Build.0 = Debug|Win32
		{CCF9F648-0C1C-488B-B58F-398A4D1482D7}.Release|x64.ActiveCfg = Release|x64
		{CCF9F648-0C1C-488B-B58F-398A4D1482D7}.Release|x64.Build.0 = Release|x64
		{CCF9F648-0C1C-488B-B58F-398A4D1482D7}.Release|x86.ActiveCfg = Release|Win32
		{CCF9F648-0C1C-488B-B58F-398A4D1482D7}.Release|x86.Build.0 = Release|Win32
	EndGlobalSection
	GlobalSection(SolutionProperties) = preSolution
		HideSolutionNode = FALSE
	EndGlobalSection
	GlobalSection(ExtensibilityGlobals) = postSolution
		SolutionGuid = {E124BE31-48BC-40B1-A56D-B06FED6A88F3}
	EndGlobalSection
EndGlobal
